{
  "nodes": {
    "emacs-src": {
      "flake": false,
      "locked": {
        "lastModified": 1644189985,
        "narHash": "sha256-4B6SG5TiPjIGU1sikdlYBMFG0lmq8ZLMbZm0+UpNjaA=",
        "owner": "emacs-mirror",
        "repo": "emacs",
        "rev": "0d36eaa7c6112ee4fb86f7cbf578a7ba0b5dc331",
        "type": "github"
      },
      "original": {
        "owner": "emacs-mirror",
        "repo": "emacs",
        "type": "github"
      }
    },
    "emacs-vterm-src": {
      "flake": false,
      "locked": {
        "lastModified": 1640506671,
        "narHash": "sha256-uSzIDmRNk7u5VtCXYu+JVN7Gzkc65axCiK0Jq0X6MWQ=",
        "owner": "akermu",
        "repo": "emacs-libvterm",
        "rev": "a940dd2ee8a82684860e320c0f6d5e15d31d916f",
        "type": "github"
      },
      "original": {
        "owner": "akermu",
        "repo": "emacs-libvterm",
        "type": "github"
      }
    },
    "nixpkgs": {
      "locked": {
        "lastModified": 1643653624,
        "narHash": "sha256-+8hLMsQrZ2rkvcEtEId6HMe8GPxVb5ga+Vh1fdsqJDU=",
        "owner": "nixos",
        "repo": "nixpkgs",
        "rev": "a529f0c125a78343b145a8eb2b915b0295e4f459",
        "type": "github"
      },
      "original": {
        "owner": "nixos",
        "ref": "nixpkgs-unstable",
        "repo": "nixpkgs",
        "type": "github"
      }
    },
    "root": {
      "inputs": {
        "emacs-src": "emacs-src",
        "emacs-vterm-src": "emacs-vterm-src",
        "nixpkgs": "nixpkgs"
      }
    }
  },
  "root": "root",
  "version": 7
}
