{
  "nodes": {
    "emacs-src": {
      "flake": false,
      "locked": {
        "lastModified": 1646603764,
        "narHash": "sha256-CYAS1JpkseEVaBBkM/6O+znBYpYQUAQzRFKQGTke+sE=",
        "owner": "emacs-mirror",
        "repo": "emacs",
        "rev": "f70bf8a21dc1283a58367cbca31decef633c6dab",
        "type": "github"
      },
      "original": {
        "owner": "emacs-mirror",
        "repo": "emacs",
        "type": "github"
      }
    },
    "emacs-vterm-src": {
      "flake": false,
      "locked": {
        "lastModified": 1640506671,
        "narHash": "sha256-uSzIDmRNk7u5VtCXYu+JVN7Gzkc65axCiK0Jq0X6MWQ=",
        "owner": "akermu",
        "repo": "emacs-libvterm",
        "rev": "a940dd2ee8a82684860e320c0f6d5e15d31d916f",
        "type": "github"
      },
      "original": {
        "owner": "akermu",
        "repo": "emacs-libvterm",
        "type": "github"
      }
    },
    "nixpkgs": {
      "locked": {
        "lastModified": 1646470760,
        "narHash": "sha256-dQISyucVCCPaFioUhy5ZgfBz8rOMKGI8k13aPDFTqEs=",
        "owner": "nixos",
        "repo": "nixpkgs",
        "rev": "1fc7212a2c3992eedc6eedf498955c321ad81cc2",
        "type": "github"
      },
      "original": {
        "owner": "nixos",
        "ref": "nixpkgs-unstable",
        "repo": "nixpkgs",
        "type": "github"
      }
    },
    "root": {
      "inputs": {
        "emacs-src": "emacs-src",
        "emacs-vterm-src": "emacs-vterm-src",
        "nixpkgs": "nixpkgs"
      }
    }
  },
  "root": "root",
  "version": 7
}
